<Solution>
  <Folder Name="/Components/">
    <Project Path="GalleryView/GalleryView.csproj" Id="1f550c7a-362e-499d-9fde-b81a0329cd87" />
    <Project Path="PDFViewer/PDFViewer.csproj" Id="7e6bf05f-f149-4ed6-8479-79aa757f0cbe" />
    <Project Path="VirtualizedCollectionView/VirtualizedCollectionView.csproj" Id="ccf7a027-41d4-4a6a-a08a-53631fce3dc4" />
  </Folder>
  <Project Path="sample/sample.csproj">
    <Deploy Solution="Debug|*" />
  </Project>
</Solution>
